
Microsoft Visual Studio Solution File, Format Version 12.00
# Visual Studio Version 17
VisualStudioVersion = 17.0.32014.148
MinimumVisualStudioVersion = 10.0.40219.1
Project("{9A19103F-16F7-4668-BE54-9A1E7A4F7556}") = "NorthwindWebApps", "NorthwindWebApps\NorthwindWebApps.csproj", "{DBCBFDB6-9345-4B85-95D7-2289803F58A1}"
EndProject
Project("{9A19103F-16F7-4668-BE54-9A1E7A4F7556}") = "Northwind.Services", "Northwind.Services\Northwind.Services.csproj", "{F82D9224-D340-4DED-B0D4-7BF0CDD28C19}"
EndProject
Project("{9A19103F-16F7-4668-BE54-9A1E7A4F7556}") = "Northwind.Services.EntityFrameworkCore", "Northwind.Services.EntityFrameworkCore\Northwind.Services.EntityFrameworkCore.csproj", "{38B10B32-861E-4D0D-B04B-5B8E7BC6BE20}"
EndProject
Project("{9A19103F-16F7-4668-BE54-9A1E7A4F7556}") = "Northwind.DataAccess", "Northwind.DataAccess\Northwind.DataAccess.csproj", "{324619D9-78E1-43FF-AC67-7B9F95960627}"
EndProject
Project("{9A19103F-16F7-4668-BE54-9A1E7A4F7556}") = "Northwind.Services.DataAccess", "Northwind.Services.DataAccess\Northwind.Services.DataAccess.csproj", "{04DD4AEC-5068-4223-B0DF-7FEB34735404}"
EndProject
Project("{9A19103F-16F7-4668-BE54-9A1E7A4F7556}") = "Northwind.DataAccess.SqlServer", "Northwind.DataAccess.SqlServer\Northwind.DataAccess.SqlServer.csproj", "{DD64988E-11E2-415C-AB93-6EA8267FE39F}"
EndProject
Project("{FAE04EC0-301F-11D3-BF4B-00C04F79EFBC}") = "Northwind.Services.EntityFrameworkCore.Blogging", "Northwind.Services.EntityFrameworkCore.Blogging\Northwind.Services.EntityFrameworkCore.Blogging.csproj", "{2513E6D2-C6A7-4EDE-9771-279A5EC4254D}"
EndProject
Global
	GlobalSection(SolutionConfigurationPlatforms) = preSolution
		Debug|Any CPU = Debug|Any CPU
		Release|Any CPU = Release|Any CPU
	EndGlobalSection
	GlobalSection(ProjectConfigurationPlatforms) = postSolution
		{DBCBFDB6-9345-4B85-95D7-2289803F58A1}.Debug|Any CPU.ActiveCfg = Debug|Any CPU
		{DBCBFDB6-9345-4B85-95D7-2289803F58A1}.Debug|Any CPU.Build.0 = Debug|Any CPU
		{DBCBFDB6-9345-4B85-95D7-2289803F58A1}.Release|Any CPU.ActiveCfg = Release|Any CPU
		{DBCBFDB6-9345-4B85-95D7-2289803F58A1}.Release|Any CPU.Build.0 = Release|Any CPU
		{F82D9224-D340-4DED-B0D4-7BF0CDD28C19}.Debug|Any CPU.ActiveCfg = Debug|Any CPU
		{F82D9224-D340-4DED-B0D4-7BF0CDD28C19}.Debug|Any CPU.Build.0 = Debug|Any CPU
		{F82D9224-D340-4DED-B0D4-7BF0CDD28C19}.Release|Any CPU.ActiveCfg = Release|Any CPU
		{F82D9224-D340-4DED-B0D4-7BF0CDD28C19}.Release|Any CPU.Build.0 = Release|Any CPU
		{38B10B32-861E-4D0D-B04B-5B8E7BC6BE20}.Debug|Any CPU.ActiveCfg = Debug|Any CPU
		{38B10B32-861E-4D0D-B04B-5B8E7BC6BE20}.Debug|Any CPU.Build.0 = Debug|Any CPU
		{38B10B32-861E-4D0D-B04B-5B8E7BC6BE20}.Release|Any CPU.ActiveCfg = Release|Any CPU
		{38B10B32-861E-4D0D-B04B-5B8E7BC6BE20}.Release|Any CPU.Build.0 = Release|Any CPU
		{324619D9-78E1-43FF-AC67-7B9F95960627}.Debug|Any CPU.ActiveCfg = Debug|Any CPU
		{324619D9-78E1-43FF-AC67-7B9F95960627}.Debug|Any CPU.Build.0 = Debug|Any CPU
		{324619D9-78E1-43FF-AC67-7B9F95960627}.Release|Any CPU.ActiveCfg = Release|Any CPU
		{324619D9-78E1-43FF-AC67-7B9F95960627}.Release|Any CPU.Build.0 = Release|Any CPU
		{04DD4AEC-5068-4223-B0DF-7FEB34735404}.Debug|Any CPU.ActiveCfg = Debug|Any CPU
		{04DD4AEC-5068-4223-B0DF-7FEB34735404}.Debug|Any CPU.Build.0 = Debug|Any CPU
		{04DD4AEC-5068-4223-B0DF-7FEB34735404}.Release|Any CPU.ActiveCfg = Release|Any CPU
		{04DD4AEC-5068-4223-B0DF-7FEB34735404}.Release|Any CPU.Build.0 = Release|Any CPU
		{DD64988E-11E2-415C-AB93-6EA8267FE39F}.Debug|Any CPU.ActiveCfg = Debug|Any CPU
		{DD64988E-11E2-415C-AB93-6EA8267FE39F}.Debug|Any CPU.Build.0 = Debug|Any CPU
		{DD64988E-11E2-415C-AB93-6EA8267FE39F}.Release|Any CPU.ActiveCfg = Release|Any CPU
		{DD64988E-11E2-415C-AB93-6EA8267FE39F}.Release|Any CPU.Build.0 = Release|Any CPU
		{2513E6D2-C6A7-4EDE-9771-279A5EC4254D}.Debug|Any CPU.ActiveCfg = Debug|Any CPU
		{2513E6D2-C6A7-4EDE-9771-279A5EC4254D}.Debug|Any CPU.Build.0 = Debug|Any CPU
		{2513E6D2-C6A7-4EDE-9771-279A5EC4254D}.Release|Any CPU.ActiveCfg = Release|Any CPU
		{2513E6D2-C6A7-4EDE-9771-279A5EC4254D}.Release|Any CPU.Build.0 = Release|Any CPU
	EndGlobalSection
	GlobalSection(SolutionProperties) = preSolution
		HideSolutionNode = FALSE
	EndGlobalSection
	GlobalSection(ExtensibilityGlobals) = postSolution
		SolutionGuid = {1302E358-5729-4D7F-B63C-325513CE249A}
	EndGlobalSection
EndGlobal
