
Microsoft Visual Studio Solution File, Format Version 12.00
# Visual Studio Version 17
VisualStudioVersion = 17.0.32014.148
MinimumVisualStudioVersion = 10.0.40219.1
Project("{FAE04EC0-301F-11D3-BF4B-00C04F79EFBC}") = "NorthwindWebApps", "NorthwindWebApps\NorthwindWebApps.csproj", "{DBCBFDB6-9345-4B85-95D7-2289803F58A1}"
EndProject
Project("{FAE04EC0-301F-11D3-BF4B-00C04F79EFBC}") = "Northwind.Services", "Northwind.Services\Northwind.Services.csproj", "{F82D9224-D340-4DED-B0D4-7BF0CDD28C19}"
EndProject
Project("{FAE04EC0-301F-11D3-BF4B-00C04F79EFBC}") = "Northwind.Services.EntityFrameworkCore", "Northwind.Services.EntityFrameworkCore\Northwind.Services.EntityFrameworkCore.csproj", "{38B10B32-861E-4D0D-B04B-5B8E7BC6BE20}"
EndProject
Global
	GlobalSection(SolutionConfigurationPlatforms) = preSolution
		Debug|Any CPU = Debug|Any CPU
		Release|Any CPU = Release|Any CPU
	EndGlobalSection
	GlobalSection(ProjectConfigurationPlatforms) = postSolution
		{DBCBFDB6-9345-4B85-95D7-2289803F58A1}.Debug|Any CPU.ActiveCfg = Debug|Any CPU
		{DBCBFDB6-9345-4B85-95D7-2289803F58A1}.Debug|Any CPU.Build.0 = Debug|Any CPU
		{DBCBFDB6-9345-4B85-95D7-2289803F58A1}.Release|Any CPU.ActiveCfg = Release|Any CPU
		{DBCBFDB6-9345-4B85-95D7-2289803F58A1}.Release|Any CPU.Build.0 = Release|Any CPU
		{F82D9224-D340-4DED-B0D4-7BF0CDD28C19}.Debug|Any CPU.ActiveCfg = Debug|Any CPU
		{F82D9224-D340-4DED-B0D4-7BF0CDD28C19}.Debug|Any CPU.Build.0 = Debug|Any CPU
		{F82D9224-D340-4DED-B0D4-7BF0CDD28C19}.Release|Any CPU.ActiveCfg = Release|Any CPU
		{F82D9224-D340-4DED-B0D4-7BF0CDD28C19}.Release|Any CPU.Build.0 = Release|Any CPU
		{38B10B32-861E-4D0D-B04B-5B8E7BC6BE20}.Debug|Any CPU.ActiveCfg = Debug|Any CPU
		{38B10B32-861E-4D0D-B04B-5B8E7BC6BE20}.Debug|Any CPU.Build.0 = Debug|Any CPU
		{38B10B32-861E-4D0D-B04B-5B8E7BC6BE20}.Release|Any CPU.ActiveCfg = Release|Any CPU
		{38B10B32-861E-4D0D-B04B-5B8E7BC6BE20}.Release|Any CPU.Build.0 = Release|Any CPU
	EndGlobalSection
	GlobalSection(SolutionProperties) = preSolution
		HideSolutionNode = FALSE
	EndGlobalSection
	GlobalSection(ExtensibilityGlobals) = postSolution
		SolutionGuid = {1302E358-5729-4D7F-B63C-325513CE249A}
	EndGlobalSection
EndGlobal
